
Microsoft Visual Studio Solution File, Format Version 11.00
# Visual Studio 2010
Project("{8BC9CEB8-8B4A-11D0-8D11-00A0C91BC942}") = "Problem023", "Problem023.vcxproj", "{F2DCC0BA-20CB-4034-8566-F750393D1048}"
EndProject
Global
	GlobalSection(SolutionConfigurationPlatforms) = preSolution
		Debug|Win32 = Debug|Win32
		Release|Win32 = Release|Win32
	EndGlobalSection
	GlobalSection(ProjectConfigurationPlatforms) = postSolution
		{F2DCC0BA-20CB-4034-8566-F750393D1048}.Debug|Win32.ActiveCfg = Debug|Win32
		{F2DCC0BA-20CB-4034-8566-F750393D1048}.Debug|Win32.Build.0 = Debug|Win32
		{F2DCC0BA-20CB-4034-8566-F750393D1048}.Release|Win32.ActiveCfg = Release|Win32
		{F2DCC0BA-20CB-4034-8566-F750393D1048}.Release|Win32.Build.0 = Release|Win32
	EndGlobalSection
	GlobalSection(SolutionProperties) = preSolution
		HideSolutionNode = FALSE
	EndGlobalSection
EndGlobal
