
Microsoft Visual Studio Solution File, Format Version 10.00
# Visual Studio 2008
Project("{8BC9CEB8-8B4A-11D0-8D11-00A0C91BC942}") = "Problem008", "Problem008.vcproj", "{90167474-9AFF-44E4-9134-C1A40EEC389C}"
EndProject
Global
	GlobalSection(SolutionConfigurationPlatforms) = preSolution
		Debug|Win32 = Debug|Win32
		Release|Win32 = Release|Win32
	EndGlobalSection
	GlobalSection(ProjectConfigurationPlatforms) = postSolution
		{90167474-9AFF-44E4-9134-C1A40EEC389C}.Debug|Win32.ActiveCfg = Debug|Win32
		{90167474-9AFF-44E4-9134-C1A40EEC389C}.Debug|Win32.Build.0 = Debug|Win32
		{90167474-9AFF-44E4-9134-C1A40EEC389C}.Release|Win32.ActiveCfg = Release|Win32
		{90167474-9AFF-44E4-9134-C1A40EEC389C}.Release|Win32.Build.0 = Release|Win32
	EndGlobalSection
	GlobalSection(SolutionProperties) = preSolution
		HideSolutionNode = FALSE
	EndGlobalSection
EndGlobal
