
Microsoft Visual Studio Solution File, Format Version 11.00
# Visual Studio 2010
Project("{8BC9CEB8-8B4A-11D0-8D11-00A0C91BC942}") = "Problem027", "Problem027.vcxproj", "{FD6F6102-2774-444A-B85B-62A55142320D}"
EndProject
Global
	GlobalSection(SolutionConfigurationPlatforms) = preSolution
		Debug|Win32 = Debug|Win32
		Release|Win32 = Release|Win32
	EndGlobalSection
	GlobalSection(ProjectConfigurationPlatforms) = postSolution
		{FD6F6102-2774-444A-B85B-62A55142320D}.Debug|Win32.ActiveCfg = Debug|Win32
		{FD6F6102-2774-444A-B85B-62A55142320D}.Debug|Win32.Build.0 = Debug|Win32
		{FD6F6102-2774-444A-B85B-62A55142320D}.Release|Win32.ActiveCfg = Release|Win32
		{FD6F6102-2774-444A-B85B-62A55142320D}.Release|Win32.Build.0 = Release|Win32
	EndGlobalSection
	GlobalSection(SolutionProperties) = preSolution
		HideSolutionNode = FALSE
	EndGlobalSection
EndGlobal
