
Microsoft Visual Studio Solution File, Format Version 10.00
# Visual Studio 2008
Project("{8BC9CEB8-8B4A-11D0-8D11-00A0C91BC942}") = "Problem024", "Problem024.vcproj", "{C5953B3C-FC66-4951-B647-F039E267F07E}"
EndProject
Global
	GlobalSection(SolutionConfigurationPlatforms) = preSolution
		Debug|Win32 = Debug|Win32
		Release|Win32 = Release|Win32
	EndGlobalSection
	GlobalSection(ProjectConfigurationPlatforms) = postSolution
		{C5953B3C-FC66-4951-B647-F039E267F07E}.Debug|Win32.ActiveCfg = Debug|Win32
		{C5953B3C-FC66-4951-B647-F039E267F07E}.Debug|Win32.Build.0 = Debug|Win32
		{C5953B3C-FC66-4951-B647-F039E267F07E}.Release|Win32.ActiveCfg = Release|Win32
		{C5953B3C-FC66-4951-B647-F039E267F07E}.Release|Win32.Build.0 = Release|Win32
	EndGlobalSection
	GlobalSection(SolutionProperties) = preSolution
		HideSolutionNode = FALSE
	EndGlobalSection
EndGlobal
