
Microsoft Visual Studio Solution File, Format Version 10.00
# Visual Studio 2008
Project("{8BC9CEB8-8B4A-11D0-8D11-00A0C91BC942}") = "Problem016", "Problem016.vcproj", "{F8CE7DBB-5329-48A4-BE2F-557CBD791591}"
EndProject
Global
	GlobalSection(SolutionConfigurationPlatforms) = preSolution
		Debug|Win32 = Debug|Win32
		Release|Win32 = Release|Win32
	EndGlobalSection
	GlobalSection(ProjectConfigurationPlatforms) = postSolution
		{F8CE7DBB-5329-48A4-BE2F-557CBD791591}.Debug|Win32.ActiveCfg = Debug|Win32
		{F8CE7DBB-5329-48A4-BE2F-557CBD791591}.Debug|Win32.Build.0 = Debug|Win32
		{F8CE7DBB-5329-48A4-BE2F-557CBD791591}.Release|Win32.ActiveCfg = Release|Win32
		{F8CE7DBB-5329-48A4-BE2F-557CBD791591}.Release|Win32.Build.0 = Release|Win32
	EndGlobalSection
	GlobalSection(SolutionProperties) = preSolution
		HideSolutionNode = FALSE
	EndGlobalSection
EndGlobal
