
Microsoft Visual Studio Solution File, Format Version 10.00
# Visual Studio 2008
Project("{8BC9CEB8-8B4A-11D0-8D11-00A0C91BC942}") = "Problem039", "Problem039.vcproj", "{D8B3DB68-3745-4F2F-B7CE-AEEB4AEBE378}"
EndProject
Global
	GlobalSection(SolutionConfigurationPlatforms) = preSolution
		Debug|Win32 = Debug|Win32
		Release|Win32 = Release|Win32
	EndGlobalSection
	GlobalSection(ProjectConfigurationPlatforms) = postSolution
		{D8B3DB68-3745-4F2F-B7CE-AEEB4AEBE378}.Debug|Win32.ActiveCfg = Debug|Win32
		{D8B3DB68-3745-4F2F-B7CE-AEEB4AEBE378}.Debug|Win32.Build.0 = Debug|Win32
		{D8B3DB68-3745-4F2F-B7CE-AEEB4AEBE378}.Release|Win32.ActiveCfg = Release|Win32
		{D8B3DB68-3745-4F2F-B7CE-AEEB4AEBE378}.Release|Win32.Build.0 = Release|Win32
	EndGlobalSection
	GlobalSection(SolutionProperties) = preSolution
		HideSolutionNode = FALSE
	EndGlobalSection
EndGlobal
