
Microsoft Visual Studio Solution File, Format Version 11.00
# Visual Studio 2010
Project("{8BC9CEB8-8B4A-11D0-8D11-00A0C91BC942}") = "Problem042", "Problem042.vcxproj", "{55670117-D1F7-413C-856F-4CB171ECF8F3}"
EndProject
Global
	GlobalSection(SolutionConfigurationPlatforms) = preSolution
		Debug|Win32 = Debug|Win32
		Release|Win32 = Release|Win32
	EndGlobalSection
	GlobalSection(ProjectConfigurationPlatforms) = postSolution
		{55670117-D1F7-413C-856F-4CB171ECF8F3}.Debug|Win32.ActiveCfg = Debug|Win32
		{55670117-D1F7-413C-856F-4CB171ECF8F3}.Debug|Win32.Build.0 = Debug|Win32
		{55670117-D1F7-413C-856F-4CB171ECF8F3}.Release|Win32.ActiveCfg = Release|Win32
		{55670117-D1F7-413C-856F-4CB171ECF8F3}.Release|Win32.Build.0 = Release|Win32
	EndGlobalSection
	GlobalSection(SolutionProperties) = preSolution
		HideSolutionNode = FALSE
	EndGlobalSection
EndGlobal
