
Microsoft Visual Studio Solution File, Format Version 10.00
# Visual Studio 2008
Project("{8BC9CEB8-8B4A-11D0-8D11-00A0C91BC942}") = "Problem014", "Problem014.vcproj", "{288A2FE3-77BB-4B59-ACD5-EC03E61AD843}"
EndProject
Global
	GlobalSection(SolutionConfigurationPlatforms) = preSolution
		Debug|Win32 = Debug|Win32
		Release|Win32 = Release|Win32
	EndGlobalSection
	GlobalSection(ProjectConfigurationPlatforms) = postSolution
		{288A2FE3-77BB-4B59-ACD5-EC03E61AD843}.Debug|Win32.ActiveCfg = Debug|Win32
		{288A2FE3-77BB-4B59-ACD5-EC03E61AD843}.Debug|Win32.Build.0 = Debug|Win32
		{288A2FE3-77BB-4B59-ACD5-EC03E61AD843}.Release|Win32.ActiveCfg = Release|Win32
		{288A2FE3-77BB-4B59-ACD5-EC03E61AD843}.Release|Win32.Build.0 = Release|Win32
	EndGlobalSection
	GlobalSection(SolutionProperties) = preSolution
		HideSolutionNode = FALSE
	EndGlobalSection
EndGlobal
