
Microsoft Visual Studio Solution File, Format Version 10.00
# Visual Studio 2008
Project("{8BC9CEB8-8B4A-11D0-8D11-00A0C91BC942}") = "Problem012", "Problem012.vcproj", "{ECE34279-8985-4402-9B03-35AC5ACBE5B3}"
EndProject
Global
	GlobalSection(SolutionConfigurationPlatforms) = preSolution
		Debug|Win32 = Debug|Win32
		Release|Win32 = Release|Win32
	EndGlobalSection
	GlobalSection(ProjectConfigurationPlatforms) = postSolution
		{ECE34279-8985-4402-9B03-35AC5ACBE5B3}.Debug|Win32.ActiveCfg = Debug|Win32
		{ECE34279-8985-4402-9B03-35AC5ACBE5B3}.Debug|Win32.Build.0 = Debug|Win32
		{ECE34279-8985-4402-9B03-35AC5ACBE5B3}.Release|Win32.ActiveCfg = Release|Win32
		{ECE34279-8985-4402-9B03-35AC5ACBE5B3}.Release|Win32.Build.0 = Release|Win32
	EndGlobalSection
	GlobalSection(SolutionProperties) = preSolution
		HideSolutionNode = FALSE
	EndGlobalSection
EndGlobal
